
Microsoft Visual Studio Solution File, Format Version 12.00
# Visual Studio Version 17
VisualStudioVersion = 17.12.35527.113 d17.12
MinimumVisualStudioVersion = 10.0.40219.1
Project("{FAE04EC0-301F-11D3-BF4B-00C04F79EFBC}") = "Blazor_Project", "Blazor_Project\Blazor_Project.csproj", "{5AD73459-C9C9-4689-968B-8343C8DEAD83}"
EndProject
Global
	GlobalSection(SolutionConfigurationPlatforms) = preSolution
		Debug|Any CPU = Debug|Any CPU
		Release|Any CPU = Release|Any CPU
	EndGlobalSection
	GlobalSection(ProjectConfigurationPlatforms) = postSolution
		{5AD73459-C9C9-4689-968B-8343C8DEAD83}.Debug|Any CPU.ActiveCfg = Debug|Any CPU
		{5AD73459-C9C9-4689-968B-8343C8DEAD83}.Debug|Any CPU.Build.0 = Debug|Any CPU
		{5AD73459-C9C9-4689-968B-8343C8DEAD83}.Release|Any CPU.ActiveCfg = Release|Any CPU
		{5AD73459-C9C9-4689-968B-8343C8DEAD83}.Release|Any CPU.Build.0 = Release|Any CPU
	EndGlobalSection
	GlobalSection(SolutionProperties) = preSolution
		HideSolutionNode = FALSE
	EndGlobalSection
EndGlobal
